
Microsoft Visual Studio Solution File, Format Version 12.00
# Visual Studio Version 17
VisualStudioVersion = 17.7.34018.315
MinimumVisualStudioVersion = 10.0.40219.1
Project("{FAE04EC0-301F-11D3-BF4B-00C04F79EFBC}") = "WebApplication2", "WebApplication2\WebApplication2.csproj", "{95399FC1-DB66-478C-9AA7-565A6D33E29E}"
EndProject
Global
	GlobalSection(SolutionConfigurationPlatforms) = preSolution
		Debug|Any CPU = Debug|Any CPU
		Release|Any CPU = Release|Any CPU
	EndGlobalSection
	GlobalSection(ProjectConfigurationPlatforms) = postSolution
		{95399FC1-DB66-478C-9AA7-565A6D33E29E}.Debug|Any CPU.ActiveCfg = Debug|Any CPU
		{95399FC1-DB66-478C-9AA7-565A6D33E29E}.Debug|Any CPU.Build.0 = Debug|Any CPU
		{95399FC1-DB66-478C-9AA7-565A6D33E29E}.Release|Any CPU.ActiveCfg = Release|Any CPU
		{95399FC1-DB66-478C-9AA7-565A6D33E29E}.Release|Any CPU.Build.0 = Release|Any CPU
	EndGlobalSection
	GlobalSection(SolutionProperties) = preSolution
		HideSolutionNode = FALSE
	EndGlobalSection
	GlobalSection(ExtensibilityGlobals) = postSolution
		SolutionGuid = {9F8FF899-E6AA-4058-AF63-40409B2E9757}
	EndGlobalSection
EndGlobal
